
Microsoft Visual Studio Solution File, Format Version 12.00
# Visual Studio 15
VisualStudioVersion = 15.0.28010.2003
MinimumVisualStudioVersion = 10.0.40219.1
Project("{9A19103F-16F7-4668-BE54-9A1E7A4F7556}") = "boblightc", "boblightc\boblightc.csproj", "{FBD358D8-3C2F-45BF-B39F-BF32A4402A72}"
EndProject
Project("{FAE04EC0-301F-11D3-BF4B-00C04F79EFBC}") = "boblight_tester", "boblight_tester\boblight_tester.csproj", "{7CB2B24F-8478-4202-BF6C-44400534CD2E}"
EndProject
Project("{2150E333-8FDC-42A3-9474-1A3956D46DE8}") = "Solution Items", "Solution Items", "{90E89825-A9BF-4F04-9655-42D9BF6AA567}"
	ProjectSection(SolutionItems) = preProject
		..\README.md = ..\README.md
	EndProjectSection
EndProject
Global
	GlobalSection(SolutionConfigurationPlatforms) = preSolution
		Debug|Any CPU = Debug|Any CPU
		Release|Any CPU = Release|Any CPU
	EndGlobalSection
	GlobalSection(ProjectConfigurationPlatforms) = postSolution
		{FBD358D8-3C2F-45BF-B39F-BF32A4402A72}.Debug|Any CPU.ActiveCfg = Debug|Any CPU
		{FBD358D8-3C2F-45BF-B39F-BF32A4402A72}.Debug|Any CPU.Build.0 = Debug|Any CPU
		{FBD358D8-3C2F-45BF-B39F-BF32A4402A72}.Release|Any CPU.ActiveCfg = Release|Any CPU
		{FBD358D8-3C2F-45BF-B39F-BF32A4402A72}.Release|Any CPU.Build.0 = Release|Any CPU
		{7CB2B24F-8478-4202-BF6C-44400534CD2E}.Debug|Any CPU.ActiveCfg = Debug|Any CPU
		{7CB2B24F-8478-4202-BF6C-44400534CD2E}.Debug|Any CPU.Build.0 = Debug|Any CPU
		{7CB2B24F-8478-4202-BF6C-44400534CD2E}.Release|Any CPU.ActiveCfg = Release|Any CPU
		{7CB2B24F-8478-4202-BF6C-44400534CD2E}.Release|Any CPU.Build.0 = Release|Any CPU
	EndGlobalSection
	GlobalSection(SolutionProperties) = preSolution
		HideSolutionNode = FALSE
	EndGlobalSection
	GlobalSection(ExtensibilityGlobals) = postSolution
		SolutionGuid = {EA13B91A-F2F8-4303-8DD8-0C03CE384435}
	EndGlobalSection
EndGlobal
